
Microsoft Visual Studio Solution File, Format Version 12.00
# Visual Studio Version 16
VisualStudioVersion = 16.0.32106.194
MinimumVisualStudioVersion = 10.0.40219.1
Project("{FAE04EC0-301F-11D3-BF4B-00C04F79EFBC}") = "LanguageManagerTest", "LanguageManagerTest\LanguageManagerTest.csproj", "{DA0AA0BF-9003-43CA-8EF5-5FC20D53A8C3}"
EndProject
Global
	GlobalSection(SolutionConfigurationPlatforms) = preSolution
		Debug|Any CPU = Debug|Any CPU
		Release|Any CPU = Release|Any CPU
	EndGlobalSection
	GlobalSection(ProjectConfigurationPlatforms) = postSolution
		{DA0AA0BF-9003-43CA-8EF5-5FC20D53A8C3}.Debug|Any CPU.ActiveCfg = Debug|Any CPU
		{DA0AA0BF-9003-43CA-8EF5-5FC20D53A8C3}.Debug|Any CPU.Build.0 = Debug|Any CPU
		{DA0AA0BF-9003-43CA-8EF5-5FC20D53A8C3}.Release|Any CPU.ActiveCfg = Release|Any CPU
		{DA0AA0BF-9003-43CA-8EF5-5FC20D53A8C3}.Release|Any CPU.Build.0 = Release|Any CPU
	EndGlobalSection
	GlobalSection(SolutionProperties) = preSolution
		HideSolutionNode = FALSE
	EndGlobalSection
	GlobalSection(ExtensibilityGlobals) = postSolution
		SolutionGuid = {B624D42E-309E-4525-AB81-9197FC4814D8}
	EndGlobalSection
EndGlobal
